
Microsoft Visual Studio Solution File, Format Version 12.00
# Visual Studio Version 16
VisualStudioVersion = 16.0.31402.337
MinimumVisualStudioVersion = 10.0.40219.1
Project("{FAE04EC0-301F-11D3-BF4B-00C04F79EFBC}") = "TodoList.App", "TodoList.App.csproj", "{B585041B-8858-4CED-812B-49A146C86E4F}"
EndProject
Global
	GlobalSection(SolutionConfigurationPlatforms) = preSolution
		Debug|Any CPU = Debug|Any CPU
		Release|Any CPU = Release|Any CPU
	EndGlobalSection
	GlobalSection(ProjectConfigurationPlatforms) = postSolution
		{B585041B-8858-4CED-812B-49A146C86E4F}.Debug|Any CPU.ActiveCfg = Debug|Any CPU
		{B585041B-8858-4CED-812B-49A146C86E4F}.Debug|Any CPU.Build.0 = Debug|Any CPU
		{B585041B-8858-4CED-812B-49A146C86E4F}.Release|Any CPU.ActiveCfg = Release|Any CPU
		{B585041B-8858-4CED-812B-49A146C86E4F}.Release|Any CPU.Build.0 = Release|Any CPU
	EndGlobalSection
	GlobalSection(SolutionProperties) = preSolution
		HideSolutionNode = FALSE
	EndGlobalSection
	GlobalSection(ExtensibilityGlobals) = postSolution
		SolutionGuid = {29044EAF-0DE8-4F06-A984-4424453D376F}
	EndGlobalSection
EndGlobal
